// !$*UTF8*$!
{
	archiveVersion = 1;
	classes = {
	};
	objectVersion = 46;
	objects = {

/* Begin PBXBuildFile section */
		D8737B81142779F700BD2495 /* Cocoa.framework in Frameworks */ = {isa = PBXBuildFile; fileRef = D8737B80142779F700BD2495 /* Cocoa.framework */; };
		D8737B83142779F700BD2495 /* MacRuby.framework in Frameworks */ = {isa = PBXBuildFile; fileRef = D8737B82142779F700BD2495 /* MacRuby.framework */; };
		D8737B8A142779F700BD2495 /* InfoPlist.strings in Resources */ = {isa = PBXBuildFile; fileRef = D8737B88142779F700BD2495 /* InfoPlist.strings */; };
		D8737B8C142779F700BD2495 /* main.m in Sources */ = {isa = PBXBuildFile; fileRef = D8737B8B142779F700BD2495 /* main.m */; };
		D8737B91142779F700BD2495 /* MainMenu.xib in Resources */ = {isa = PBXBuildFile; fileRef = D8737B8F142779F700BD2495 /* MainMenu.xib */; };
		D8737B94142779F700BD2495 /* rb_main.rb in Resources */ = {isa = PBXBuildFile; fileRef = D8737B93142779F700BD2495 /* rb_main.rb */; };
		D8737B96142779F700BD2495 /* AppDelegate.rb in Resources */ = {isa = PBXBuildFile; fileRef = D8737B95142779F700BD2495 /* AppDelegate.rb */; };
		D8737BB614277E6E00BD2495 /* teacup.icns in Resources */ = {isa = PBXBuildFile; fileRef = D8737BB514277E6E00BD2495 /* teacup.icns */; };
/* End PBXBuildFile section */

/* Begin PBXFileReference section */
		D8737B7C142779F700BD2495 /* Tea Time.app */ = {isa = PBXFileReference; explicitFileType = wrapper.application; includeInIndex = 0; path = "Tea Time.app"; sourceTree = BUILT_PRODUCTS_DIR; };
		D8737B80142779F700BD2495 /* Cocoa.framework */ = {isa = PBXFileReference; lastKnownFileType = wrapper.framework; name = Cocoa.framework; path = System/Library/Frameworks/Cocoa.framework; sourceTree = SDKROOT; };
		D8737B82142779F700BD2495 /* MacRuby.framework */ = {isa = PBXFileReference; lastKnownFileType = wrapper.framework; name = MacRuby.framework; path = Library/Frameworks/MacRuby.framework; sourceTree = DEVELOPER_DIR; };
		D8737B87142779F700BD2495 /* Tea Time-Info.plist */ = {isa = PBXFileReference; lastKnownFileType = text.plist.xml; path = "Tea Time-Info.plist"; sourceTree = "<group>"; };
		D8737B89142779F700BD2495 /* en */ = {isa = PBXFileReference; lastKnownFileType = text.plist.strings; name = en; path = en.lproj/InfoPlist.strings; sourceTree = "<group>"; };
		D8737B8B142779F700BD2495 /* main.m */ = {isa = PBXFileReference; lastKnownFileType = sourcecode.c.objc; path = main.m; sourceTree = "<group>"; };
		D8737B8D142779F700BD2495 /* Tea Time-Prefix.pch */ = {isa = PBXFileReference; lastKnownFileType = sourcecode.c.h; path = "Tea Time-Prefix.pch"; sourceTree = "<group>"; };
		D8737B90142779F700BD2495 /* en */ = {isa = PBXFileReference; lastKnownFileType = file.xib; name = en; path = en.lproj/MainMenu.xib; sourceTree = "<group>"; };
		D8737B93142779F700BD2495 /* rb_main.rb */ = {isa = PBXFileReference; lastKnownFileType = text.script.ruby; path = rb_main.rb; sourceTree = "<group>"; };
		D8737B95142779F700BD2495 /* AppDelegate.rb */ = {isa = PBXFileReference; lastKnownFileType = text.script.ruby; path = AppDelegate.rb; sourceTree = "<group>"; };
		D8737BB514277E6E00BD2495 /* teacup.icns */ = {isa = PBXFileReference; lastKnownFileType = image.icns; path = teacup.icns; sourceTree = "<group>"; };
/* End PBXFileReference section */

/* Begin PBXFrameworksBuildPhase section */
		D8737B79142779F700BD2495 /* Frameworks */ = {
			isa = PBXFrameworksBuildPhase;
			buildActionMask = 2147483647;
			files = (
				D8737B81142779F700BD2495 /* Cocoa.framework in Frameworks */,
				D8737B83142779F700BD2495 /* MacRuby.framework in Frameworks */,
			);
			runOnlyForDeploymentPostprocessing = 0;
		};
/* End PBXFrameworksBuildPhase section */

/* Begin PBXGroup section */
		D8737B71142779F700BD2495 = {
			isa = PBXGroup;
			children = (
				D8737B85142779F700BD2495 /* Tea Time */,
				D8737B7F142779F700BD2495 /* Frameworks */,
				D8737B7D142779F700BD2495 /* Products */,
			);
			sourceTree = "<group>";
		};
		D8737B7D142779F700BD2495 /* Products */ = {
			isa = PBXGroup;
			children = (
				D8737B7C142779F700BD2495 /* Tea Time.app */,
			);
			name = Products;
			sourceTree = "<group>";
		};
		D8737B7F142779F700BD2495 /* Frameworks */ = {
			isa = PBXGroup;
			children = (
				D8737B80142779F700BD2495 /* Cocoa.framework */,
				D8737B82142779F700BD2495 /* MacRuby.framework */,
			);
			name = Frameworks;
			sourceTree = "<group>";
		};
		D8737B85142779F700BD2495 /* Tea Time */ = {
			isa = PBXGroup;
			children = (
				D8737B95142779F700BD2495 /* AppDelegate.rb */,
				D8737B8E142779F700BD2495 /* Resources */,
				D8737B92142779F700BD2495 /* Other Sources */,
				D8737B86142779F700BD2495 /* Supporting Files */,
			);
			path = "Tea Time";
			sourceTree = "<group>";
		};
		D8737B86142779F700BD2495 /* Supporting Files */ = {
			isa = PBXGroup;
			children = (
				D8737BB514277E6E00BD2495 /* teacup.icns */,
				D8737B87142779F700BD2495 /* Tea Time-Info.plist */,
				D8737B88142779F700BD2495 /* InfoPlist.strings */,
				D8737B8B142779F700BD2495 /* main.m */,
				D8737B8D142779F700BD2495 /* Tea Time-Prefix.pch */,
			);
			name = "Supporting Files";
			sourceTree = "<group>";
		};
		D8737B8E142779F700BD2495 /* Resources */ = {
			isa = PBXGroup;
			children = (
				D8737B8F142779F700BD2495 /* MainMenu.xib */,
			);
			name = Resources;
			sourceTree = "<group>";
		};
		D8737B92142779F700BD2495 /* Other Sources */ = {
			isa = PBXGroup;
			children = (
				D8737B93142779F700BD2495 /* rb_main.rb */,
			);
			name = "Other Sources";
			sourceTree = "<group>";
		};
/* End PBXGroup section */

/* Begin PBXLegacyTarget section */
		D8737B84142779F700BD2495 /* Deployment */ = {
			isa = PBXLegacyTarget;
			buildArgumentsString = "--compile --embed";
			buildConfigurationList = D8737B9C142779F700BD2495 /* Build configuration list for PBXLegacyTarget "Deployment" */;
			buildPhases = (
			);
			buildToolPath = /usr/local/bin/macruby_deploy;
			dependencies = (
			);
			name = Deployment;
			passBuildSettingsInEnvironment = 1;
			productName = Deployment;
		};
/* End PBXLegacyTarget section */

/* Begin PBXNativeTarget section */
		D8737B7B142779F700BD2495 /* Tea Time */ = {
			isa = PBXNativeTarget;
			buildConfigurationList = D8737B99142779F700BD2495 /* Build configuration list for PBXNativeTarget "Tea Time" */;
			buildPhases = (
				D8737B78142779F700BD2495 /* Sources */,
				D8737B79142779F700BD2495 /* Frameworks */,
				D8737B7A142779F700BD2495 /* Resources */,
			);
			buildRules = (
			);
			dependencies = (
			);
			name = "Tea Time";
			productName = "Tea Time";
			productReference = D8737B7C142779F700BD2495 /* Tea Time.app */;
			productType = "com.apple.product-type.application";
		};
/* End PBXNativeTarget section */

/* Begin PBXProject section */
		D8737B73142779F700BD2495 /* Project object */ = {
			isa = PBXProject;
			attributes = {
				ORGANIZATIONNAME = "froglogic GmbH";
			};
			buildConfigurationList = D8737B76142779F700BD2495 /* Build configuration list for PBXProject "Tea Time" */;
			compatibilityVersion = "Xcode 3.2";
			developmentRegion = English;
			hasScannedForEncodings = 0;
			knownRegions = (
				en,
			);
			mainGroup = D8737B71142779F700BD2495;
			productRefGroup = D8737B7D142779F700BD2495 /* Products */;
			projectDirPath = "";
			projectRoot = "";
			targets = (
				D8737B7B142779F700BD2495 /* Tea Time */,
				D8737B84142779F700BD2495 /* Deployment */,
			);
		};
/* End PBXProject section */

/* Begin PBXResourcesBuildPhase section */
		D8737B7A142779F700BD2495 /* Resources */ = {
			isa = PBXResourcesBuildPhase;
			buildActionMask = 2147483647;
			files = (
				D8737B8A142779F700BD2495 /* InfoPlist.strings in Resources */,
				D8737B91142779F700BD2495 /* MainMenu.xib in Resources */,
				D8737B94142779F700BD2495 /* rb_main.rb in Resources */,
				D8737B96142779F700BD2495 /* AppDelegate.rb in Resources */,
				D8737BB614277E6E00BD2495 /* teacup.icns in Resources */,
			);
			runOnlyForDeploymentPostprocessing = 0;
		};
/* End PBXResourcesBuildPhase section */

/* Begin PBXSourcesBuildPhase section */
		D8737B78142779F700BD2495 /* Sources */ = {
			isa = PBXSourcesBuildPhase;
			buildActionMask = 2147483647;
			files = (
				D8737B8C142779F700BD2495 /* main.m in Sources */,
			);
			runOnlyForDeploymentPostprocessing = 0;
		};
/* End PBXSourcesBuildPhase section */

/* Begin PBXVariantGroup section */
		D8737B88142779F700BD2495 /* InfoPlist.strings */ = {
			isa = PBXVariantGroup;
			children = (
				D8737B89142779F700BD2495 /* en */,
			);
			name = InfoPlist.strings;
			sourceTree = "<group>";
		};
		D8737B8F142779F700BD2495 /* MainMenu.xib */ = {
			isa = PBXVariantGroup;
			children = (
				D8737B90142779F700BD2495 /* en */,
			);
			name = MainMenu.xib;
			sourceTree = "<group>";
		};
/* End PBXVariantGroup section */

/* Begin XCBuildConfiguration section */
		D8737B97142779F700BD2495 /* Debug */ = {
			isa = XCBuildConfiguration;
			buildSettings = {
				ALWAYS_SEARCH_USER_PATHS = NO;
				ARCHS = "$(ARCHS_STANDARD_64_BIT)";
				COPY_PHASE_STRIP = NO;
				GCC_C_LANGUAGE_STANDARD = gnu99;
				GCC_DYNAMIC_NO_PIC = NO;
				GCC_ENABLE_OBJC_EXCEPTIONS = YES;
				GCC_OPTIMIZATION_LEVEL = 0;
				GCC_PREPROCESSOR_DEFINITIONS = (
					"DEBUG=1",
					"$(inherited)",
				);
				GCC_SYMBOLS_PRIVATE_EXTERN = NO;
				GCC_VERSION = com.apple.compilers.llvm.clang.1_0;
				GCC_WARN_64_TO_32_BIT_CONVERSION = YES;
				GCC_WARN_ABOUT_MISSING_PROTOTYPES = YES;
				GCC_WARN_ABOUT_RETURN_TYPE = YES;
				GCC_WARN_UNUSED_VARIABLE = YES;
				MACOSX_DEPLOYMENT_TARGET = 10.7;
				ONLY_ACTIVE_ARCH = YES;
				SDKROOT = macosx;
			};
			name = Debug;
		};
		D8737B98142779F700BD2495 /* Release */ = {
			isa = XCBuildConfiguration;
			buildSettings = {
				ALWAYS_SEARCH_USER_PATHS = NO;
				ARCHS = "$(ARCHS_STANDARD_64_BIT)";
				COPY_PHASE_STRIP = YES;
				DEBUG_INFORMATION_FORMAT = "dwarf-with-dsym";
				GCC_C_LANGUAGE_STANDARD = gnu99;
				GCC_ENABLE_OBJC_EXCEPTIONS = YES;
				GCC_VERSION = com.apple.compilers.llvm.clang.1_0;
				GCC_WARN_64_TO_32_BIT_CONVERSION = YES;
				GCC_WARN_ABOUT_MISSING_PROTOTYPES = YES;
				GCC_WARN_ABOUT_RETURN_TYPE = YES;
				GCC_WARN_UNUSED_VARIABLE = YES;
				MACOSX_DEPLOYMENT_TARGET = 10.7;
				SDKROOT = macosx;
			};
			name = Release;
		};
		D8737B9A142779F700BD2495 /* Debug */ = {
			isa = XCBuildConfiguration;
			buildSettings = {
				FRAMEWORK_SEARCH_PATHS = (
					"$(inherited)",
					"\"$(DEVELOPER_FRAMEWORKS_DIR)\"",
				);
				GCC_ENABLE_OBJC_GC = required;
				GCC_PRECOMPILE_PREFIX_HEADER = YES;
				GCC_PREFIX_HEADER = "Tea Time/Tea Time-Prefix.pch";
				INFOPLIST_FILE = "Tea Time/Tea Time-Info.plist";
				PRODUCT_NAME = "$(TARGET_NAME)";
				WRAPPER_EXTENSION = app;
			};
			name = Debug;
		};
		D8737B9B142779F700BD2495 /* Release */ = {
			isa = XCBuildConfiguration;
			buildSettings = {
				FRAMEWORK_SEARCH_PATHS = (
					"$(inherited)",
					"\"$(DEVELOPER_FRAMEWORKS_DIR)\"",
				);
				GCC_ENABLE_OBJC_GC = required;
				GCC_PRECOMPILE_PREFIX_HEADER = YES;
				GCC_PREFIX_HEADER = "Tea Time/Tea Time-Prefix.pch";
				INFOPLIST_FILE = "Tea Time/Tea Time-Info.plist";
				PRODUCT_NAME = "$(TARGET_NAME)";
				WRAPPER_EXTENSION = app;
			};
			name = Release;
		};
		D8737B9D142779F700BD2495 /* Debug */ = {
			isa = XCBuildConfiguration;
			buildSettings = {
			};
			name = Debug;
		};
		D8737B9E142779F700BD2495 /* Release */ = {
			isa = XCBuildConfiguration;
			buildSettings = {
			};
			name = Release;
		};
/* End XCBuildConfiguration section */

/* Begin XCConfigurationList section */
		D8737B76142779F700BD2495 /* Build configuration list for PBXProject "Tea Time" */ = {
			isa = XCConfigurationList;
			buildConfigurations = (
				D8737B97142779F700BD2495 /* Debug */,
				D8737B98142779F700BD2495 /* Release */,
			);
			defaultConfigurationIsVisible = 0;
			defaultConfigurationName = Release;
		};
		D8737B99142779F700BD2495 /* Build configuration list for PBXNativeTarget "Tea Time" */ = {
			isa = XCConfigurationList;
			buildConfigurations = (
				D8737B9A142779F700BD2495 /* Debug */,
				D8737B9B142779F700BD2495 /* Release */,
			);
			defaultConfigurationIsVisible = 0;
			defaultConfigurationName = Release;
		};
		D8737B9C142779F700BD2495 /* Build configuration list for PBXLegacyTarget "Deployment" */ = {
			isa = XCConfigurationList;
			buildConfigurations = (
				D8737B9D142779F700BD2495 /* Debug */,
				D8737B9E142779F700BD2495 /* Release */,
			);
			defaultConfigurationIsVisible = 0;
			defaultConfigurationName = Release;
		};
/* End XCConfigurationList section */
	};
	rootObject = D8737B73142779F700BD2495 /* Project object */;
}
